// !$*UTF8*$!
{
	archiveVersion = 1;
	classes = {
	};
	objectVersion = 56;
	objects = {

/* Begin PBXBuildFile section */
		A10000000000000000000001 /* AppDelegate.swift in Sources */ = {isa = PBXBuildFile; fileRef = A20000000000000000000001 /* AppDelegate.swift */; };
		A10000000000000000000002 /* SceneDelegate.swift in Sources */ = {isa = PBXBuildFile; fileRef = A20000000000000000000002 /* SceneDelegate.swift */; };
		A10000000000000000000003 /* DemoRootTabBarController.swift in Sources */ = {isa = PBXBuildFile; fileRef = A20000000000000000000003 /* DemoRootTabBarController.swift */; };
		A1000000000000000000000D /* MainDemoViewController.swift in Sources */ = {isa = PBXBuildFile; fileRef = A2000000000000000000000E /* MainDemoViewController.swift */; };
		A10000000000000000000004 /* DemoDesign.swift in Sources */ = {isa = PBXBuildFile; fileRef = A20000000000000000000004 /* DemoDesign.swift */; };
		A10000000000000000000005 /* DemoModels.swift in Sources */ = {isa = PBXBuildFile; fileRef = A20000000000000000000005 /* DemoModels.swift */; };
		A10000000000000000000006 /* FeedTableDemoViewController.swift in Sources */ = {isa = PBXBuildFile; fileRef = A20000000000000000000006 /* FeedTableDemoViewController.swift */; };
		A10000000000000000000007 /* InfiniteLoadDemoViewController.swift in Sources */ = {isa = PBXBuildFile; fileRef = A20000000000000000000007 /* InfiniteLoadDemoViewController.swift */; };
		A10000000000000000000008 /* CustomRefreshViews.swift in Sources */ = {isa = PBXBuildFile; fileRef = A20000000000000000000008 /* CustomRefreshViews.swift */; };
		A10000000000000000000009 /* ScrollShowcaseDemoViewController.swift in Sources */ = {isa = PBXBuildFile; fileRef = A20000000000000000000009 /* ScrollShowcaseDemoViewController.swift */; };
		A1000000000000000000000A /* CustomRefreshDemoViewController.swift in Sources */ = {isa = PBXBuildFile; fileRef = A2000000000000000000000A /* CustomRefreshDemoViewController.swift */; };
		A1000000000000000000000E /* OverlayRefreshDemoViewController.swift in Sources */ = {isa = PBXBuildFile; fileRef = A2000000000000000000000F /* OverlayRefreshDemoViewController.swift */; };
			A10000000000000000000010 /* PathEffectGalleryDemoViewController.swift in Sources */ = {isa = PBXBuildFile; fileRef = A20000000000000000000011 /* PathEffectGalleryDemoViewController.swift */; };
			A1000000000000000000000B /* TTGRefresh in Frameworks */ = {isa = PBXBuildFile; productRef = A90000000000000000000002 /* TTGRefresh */; };
			A1000000000000000000000C /* LaunchScreen.storyboard in Resources */ = {isa = PBXBuildFile; fileRef = A40000000000000000000006 /* LaunchScreen.storyboard */; };
			A10000000000000000000011 /* TTGRefreshTests.swift in Sources */ = {isa = PBXBuildFile; fileRef = A20000000000000000000013 /* TTGRefreshTests.swift */; };
			A10000000000000000000012 /* TTGRefresh in Frameworks */ = {isa = PBXBuildFile; productRef = A90000000000000000000003 /* TTGRefresh */; };
/* End PBXBuildFile section */

/* Begin PBXFileReference section */
		A20000000000000000000001 /* AppDelegate.swift */ = {isa = PBXFileReference; lastKnownFileType = sourcecode.swift; path = AppDelegate.swift; sourceTree = "<group>"; };
		A20000000000000000000002 /* SceneDelegate.swift */ = {isa = PBXFileReference; lastKnownFileType = sourcecode.swift; path = SceneDelegate.swift; sourceTree = "<group>"; };
		A20000000000000000000003 /* DemoRootTabBarController.swift */ = {isa = PBXFileReference; lastKnownFileType = sourcecode.swift; path = DemoRootTabBarController.swift; sourceTree = "<group>"; };
		A2000000000000000000000E /* MainDemoViewController.swift */ = {isa = PBXFileReference; lastKnownFileType = sourcecode.swift; path = MainDemoViewController.swift; sourceTree = "<group>"; };
		A20000000000000000000004 /* DemoDesign.swift */ = {isa = PBXFileReference; lastKnownFileType = sourcecode.swift; path = DemoDesign.swift; sourceTree = "<group>"; };
		A20000000000000000000005 /* DemoModels.swift */ = {isa = PBXFileReference; lastKnownFileType = sourcecode.swift; path = DemoModels.swift; sourceTree = "<group>"; };
		A20000000000000000000006 /* FeedTableDemoViewController.swift */ = {isa = PBXFileReference; lastKnownFileType = sourcecode.swift; path = FeedTableDemoViewController.swift; sourceTree = "<group>"; };
		A20000000000000000000007 /* InfiniteLoadDemoViewController.swift */ = {isa = PBXFileReference; lastKnownFileType = sourcecode.swift; path = InfiniteLoadDemoViewController.swift; sourceTree = "<group>"; };
		A20000000000000000000008 /* CustomRefreshViews.swift */ = {isa = PBXFileReference; lastKnownFileType = sourcecode.swift; path = CustomRefreshViews.swift; sourceTree = "<group>"; };
		A20000000000000000000009 /* ScrollShowcaseDemoViewController.swift */ = {isa = PBXFileReference; lastKnownFileType = sourcecode.swift; path = ScrollShowcaseDemoViewController.swift; sourceTree = "<group>"; };
		A2000000000000000000000A /* CustomRefreshDemoViewController.swift */ = {isa = PBXFileReference; lastKnownFileType = sourcecode.swift; path = CustomRefreshDemoViewController.swift; sourceTree = "<group>"; };
		A2000000000000000000000F /* OverlayRefreshDemoViewController.swift */ = {isa = PBXFileReference; lastKnownFileType = sourcecode.swift; path = OverlayRefreshDemoViewController.swift; sourceTree = "<group>"; };
		A20000000000000000000011 /* PathEffectGalleryDemoViewController.swift */ = {isa = PBXFileReference; lastKnownFileType = sourcecode.swift; path = PathEffectGalleryDemoViewController.swift; sourceTree = "<group>"; };
			A2000000000000000000000B /* Info.plist */ = {isa = PBXFileReference; lastKnownFileType = text.plist.xml; path = Info.plist; sourceTree = "<group>"; };
			A2000000000000000000000C /* TTGRefreshDemo.app */ = {isa = PBXFileReference; explicitFileType = wrapper.application; includeInIndex = 0; path = TTGRefreshDemo.app; sourceTree = BUILT_PRODUCTS_DIR; };
			A2000000000000000000000D /* Base */ = {isa = PBXFileReference; lastKnownFileType = file.storyboard; name = Base; path = Base.lproj/LaunchScreen.storyboard; sourceTree = "<group>"; };
			A20000000000000000000012 /* TTGRefreshDemoTests.xctest */ = {isa = PBXFileReference; explicitFileType = wrapper.cfbundle; includeInIndex = 0; path = TTGRefreshDemoTests.xctest; sourceTree = BUILT_PRODUCTS_DIR; };
			A20000000000000000000013 /* TTGRefreshTests.swift */ = {isa = PBXFileReference; lastKnownFileType = sourcecode.swift; path = TTGRefreshTests.swift; sourceTree = "<group>"; };
/* End PBXFileReference section */

/* Begin PBXFrameworksBuildPhase section */
			A30000000000000000000001 /* Frameworks */ = {
				isa = PBXFrameworksBuildPhase;
				buildActionMask = 2147483647;
				files = (
					A1000000000000000000000B /* TTGRefresh in Frameworks */,
				);
				runOnlyForDeploymentPostprocessing = 0;
			};
			A30000000000000000000002 /* Frameworks */ = {
				isa = PBXFrameworksBuildPhase;
				buildActionMask = 2147483647;
				files = (
					A10000000000000000000012 /* TTGRefresh in Frameworks */,
				);
				runOnlyForDeploymentPostprocessing = 0;
			};
/* End PBXFrameworksBuildPhase section */

/* Begin PBXGroup section */
			A40000000000000000000001 = {
				isa = PBXGroup;
				children = (
					A40000000000000000000002 /* TTGRefreshDemo */,
					A40000000000000000000007 /* TTGRefreshTests */,
					A40000000000000000000005 /* Products */,
				);
				sourceTree = "<group>";
			};
		A40000000000000000000002 /* TTGRefreshDemo */ = {
			isa = PBXGroup;
			children = (
				A40000000000000000000003 /* Sources */,
				A40000000000000000000004 /* Resources */,
				A40000000000000000000006 /* LaunchScreen.storyboard */,
			);
			path = TTGRefreshDemo;
			sourceTree = "<group>";
		};
		A40000000000000000000003 /* Sources */ = {
			isa = PBXGroup;
			children = (
				A20000000000000000000001 /* AppDelegate.swift */,
				A20000000000000000000002 /* SceneDelegate.swift */,
				A20000000000000000000003 /* DemoRootTabBarController.swift */,
				A2000000000000000000000E /* MainDemoViewController.swift */,
				A20000000000000000000004 /* DemoDesign.swift */,
				A20000000000000000000005 /* DemoModels.swift */,
				A20000000000000000000006 /* FeedTableDemoViewController.swift */,
				A20000000000000000000007 /* InfiniteLoadDemoViewController.swift */,
				A2000000000000000000000F /* OverlayRefreshDemoViewController.swift */,
				A20000000000000000000008 /* CustomRefreshViews.swift */,
				A20000000000000000000009 /* ScrollShowcaseDemoViewController.swift */,
				A2000000000000000000000A /* CustomRefreshDemoViewController.swift */,
				A20000000000000000000011 /* PathEffectGalleryDemoViewController.swift */,
			);
			path = Sources;
			sourceTree = "<group>";
		};
		A40000000000000000000004 /* Resources */ = {
			isa = PBXGroup;
			children = (
				A2000000000000000000000B /* Info.plist */,
			);
			path = Resources;
			sourceTree = "<group>";
		};
			A40000000000000000000005 /* Products */ = {
				isa = PBXGroup;
				children = (
					A2000000000000000000000C /* TTGRefreshDemo.app */,
					A20000000000000000000012 /* TTGRefreshDemoTests.xctest */,
				);
				name = Products;
				sourceTree = "<group>";
			};
			A40000000000000000000007 /* TTGRefreshTests */ = {
				isa = PBXGroup;
				children = (
					A20000000000000000000013 /* TTGRefreshTests.swift */,
				);
				name = TTGRefreshTests;
				path = ../../Tests/TTGRefreshTests;
				sourceTree = "<group>";
			};
/* End PBXGroup section */

/* Begin PBXNativeTarget section */
			A50000000000000000000001 /* TTGRefreshDemo */ = {
				isa = PBXNativeTarget;
				buildConfigurationList = A70000000000000000000002 /* Build configuration list for PBXNativeTarget "TTGRefreshDemo" */;
			buildPhases = (
				A60000000000000000000001 /* Sources */,
				A30000000000000000000001 /* Frameworks */,
				A60000000000000000000002 /* Resources */,
			);
			buildRules = (
			);
			dependencies = (
			);
			name = TTGRefreshDemo;
			packageProductDependencies = (
				A90000000000000000000002 /* TTGRefresh */,
			);
			productName = TTGRefreshDemo;
				productReference = A2000000000000000000000C /* TTGRefreshDemo.app */;
				productType = "com.apple.product-type.application";
			};
			A50000000000000000000002 /* TTGRefreshDemoTests */ = {
				isa = PBXNativeTarget;
				buildConfigurationList = A70000000000000000000009 /* Build configuration list for PBXNativeTarget "TTGRefreshDemoTests" */;
				buildPhases = (
					A60000000000000000000003 /* Sources */,
					A30000000000000000000002 /* Frameworks */,
					A60000000000000000000004 /* Resources */,
				);
				buildRules = (
				);
				dependencies = (
				);
				name = TTGRefreshDemoTests;
				packageProductDependencies = (
					A90000000000000000000003 /* TTGRefresh */,
				);
				productName = TTGRefreshDemoTests;
				productReference = A20000000000000000000012 /* TTGRefreshDemoTests.xctest */;
				productType = "com.apple.product-type.bundle.unit-test";
			};
/* End PBXNativeTarget section */

/* Begin PBXProject section */
		A80000000000000000000001 /* Project object */ = {
			isa = PBXProject;
			attributes = {
				BuildIndependentTargetsInParallel = 1;
				LastSwiftUpdateCheck = 2650;
				LastUpgradeCheck = 2650;
					TargetAttributes = {
						A50000000000000000000001 = {
							CreatedOnToolsVersion = 26.5;
						};
						A50000000000000000000002 = {
							CreatedOnToolsVersion = 26.5;
						};
					};
				};
			buildConfigurationList = A70000000000000000000001 /* Build configuration list for PBXProject "TTGRefreshDemo" */;
			compatibilityVersion = "Xcode 14.0";
			developmentRegion = en;
			hasScannedForEncodings = 0;
			knownRegions = (
				en,
				Base,
			);
			mainGroup = A40000000000000000000001;
			packageReferences = (
				A90000000000000000000001 /* XCLocalSwiftPackageReference "../.." */,
			);
			productRefGroup = A40000000000000000000005 /* Products */;
			projectDirPath = "";
			projectRoot = "";
				targets = (
					A50000000000000000000001 /* TTGRefreshDemo */,
					A50000000000000000000002 /* TTGRefreshDemoTests */,
				);
			};
/* End PBXProject section */

/* Begin PBXResourcesBuildPhase section */
			A60000000000000000000002 /* Resources */ = {
				isa = PBXResourcesBuildPhase;
				buildActionMask = 2147483647;
			files = (
				A1000000000000000000000C /* LaunchScreen.storyboard in Resources */,
				);
				runOnlyForDeploymentPostprocessing = 0;
			};
			A60000000000000000000004 /* Resources */ = {
				isa = PBXResourcesBuildPhase;
				buildActionMask = 2147483647;
				files = (
				);
				runOnlyForDeploymentPostprocessing = 0;
			};
/* End PBXResourcesBuildPhase section */

/* Begin PBXSourcesBuildPhase section */
			A60000000000000000000001 /* Sources */ = {
				isa = PBXSourcesBuildPhase;
				buildActionMask = 2147483647;
			files = (
				A10000000000000000000001 /* AppDelegate.swift in Sources */,
				A10000000000000000000002 /* SceneDelegate.swift in Sources */,
				A10000000000000000000003 /* DemoRootTabBarController.swift in Sources */,
				A1000000000000000000000D /* MainDemoViewController.swift in Sources */,
				A10000000000000000000004 /* DemoDesign.swift in Sources */,
				A10000000000000000000005 /* DemoModels.swift in Sources */,
				A10000000000000000000006 /* FeedTableDemoViewController.swift in Sources */,
				A10000000000000000000007 /* InfiniteLoadDemoViewController.swift in Sources */,
				A1000000000000000000000E /* OverlayRefreshDemoViewController.swift in Sources */,
				A10000000000000000000008 /* CustomRefreshViews.swift in Sources */,
				A10000000000000000000009 /* ScrollShowcaseDemoViewController.swift in Sources */,
				A1000000000000000000000A /* CustomRefreshDemoViewController.swift in Sources */,
				A10000000000000000000010 /* PathEffectGalleryDemoViewController.swift in Sources */,
				);
				runOnlyForDeploymentPostprocessing = 0;
			};
			A60000000000000000000003 /* Sources */ = {
				isa = PBXSourcesBuildPhase;
				buildActionMask = 2147483647;
				files = (
					A10000000000000000000011 /* TTGRefreshTests.swift in Sources */,
				);
				runOnlyForDeploymentPostprocessing = 0;
			};
/* End PBXSourcesBuildPhase section */

/* Begin XCBuildConfiguration section */
		A70000000000000000000003 /* Debug */ = {
			isa = XCBuildConfiguration;
			buildSettings = {
				ALWAYS_SEARCH_USER_PATHS = NO;
				CLANG_ANALYZER_NONNULL = YES;
				CLANG_ANALYZER_NUMBER_OBJECT_CONVERSION = YES_AGGRESSIVE;
				CLANG_CXX_LANGUAGE_STANDARD = "gnu++20";
				CLANG_ENABLE_MODULES = YES;
				CLANG_ENABLE_OBJC_ARC = YES;
				CLANG_ENABLE_OBJC_WEAK = YES;
				CLANG_WARN_BLOCK_CAPTURE_AUTORELEASING = YES;
				CLANG_WARN_BOOL_CONVERSION = YES;
				CLANG_WARN_COMMA = YES;
				CLANG_WARN_CONSTANT_CONVERSION = YES;
				CLANG_WARN_DEPRECATED_OBJC_IMPLEMENTATIONS = YES;
				CLANG_WARN_DIRECT_OBJC_ISA_USAGE = YES_ERROR;
				CLANG_WARN_DOCUMENTATION_COMMENTS = YES;
				CLANG_WARN_EMPTY_BODY = YES;
				CLANG_WARN_ENUM_CONVERSION = YES;
				CLANG_WARN_INFINITE_RECURSION = YES;
				CLANG_WARN_INT_CONVERSION = YES;
				CLANG_WARN_NON_LITERAL_NULL_CONVERSION = YES;
				CLANG_WARN_OBJC_IMPLICIT_RETAIN_SELF = YES;
				CLANG_WARN_OBJC_LITERAL_CONVERSION = YES;
				CLANG_WARN_OBJC_ROOT_CLASS = YES_ERROR;
				CLANG_WARN_QUOTED_INCLUDE_IN_FRAMEWORK_HEADER = YES;
				CLANG_WARN_RANGE_LOOP_ANALYSIS = YES;
				CLANG_WARN_STRICT_PROTOTYPES = YES;
				CLANG_WARN_SUSPICIOUS_MOVE = YES;
				CLANG_WARN_UNGUARDED_AVAILABILITY = YES_AGGRESSIVE;
				CLANG_WARN_UNREACHABLE_CODE = YES;
				CLANG_WARN__DUPLICATE_METHOD_MATCH = YES;
				COPY_PHASE_STRIP = NO;
				DEBUG_INFORMATION_FORMAT = dwarf;
				ENABLE_STRICT_OBJC_MSGSEND = YES;
				ENABLE_TESTABILITY = YES;
				ENABLE_USER_SCRIPT_SANDBOXING = YES;
				GCC_C_LANGUAGE_STANDARD = gnu17;
				GCC_DYNAMIC_NO_PIC = NO;
				GCC_NO_COMMON_BLOCKS = YES;
				GCC_OPTIMIZATION_LEVEL = 0;
				GCC_PREPROCESSOR_DEFINITIONS = (
					"DEBUG=1",
					"$(inherited)",
				);
				GCC_WARN_64_TO_32_BIT_CONVERSION = YES;
				GCC_WARN_ABOUT_RETURN_TYPE = YES_ERROR;
				GCC_WARN_UNDECLARED_SELECTOR = YES;
				GCC_WARN_UNINITIALIZED_AUTOS = YES_AGGRESSIVE;
				GCC_WARN_UNUSED_FUNCTION = YES;
				GCC_WARN_UNUSED_VARIABLE = YES;
				IPHONEOS_DEPLOYMENT_TARGET = 16.0;
				MTL_ENABLE_DEBUG_INFO = INCLUDE_SOURCE;
				MTL_FAST_MATH = YES;
				ONLY_ACTIVE_ARCH = YES;
				SDKROOT = iphoneos;
				SWIFT_ACTIVE_COMPILATION_CONDITIONS = DEBUG;
				SWIFT_OPTIMIZATION_LEVEL = "-Onone";
				SWIFT_VERSION = 5.9;
			};
			name = Debug;
		};
		A70000000000000000000004 /* Release */ = {
			isa = XCBuildConfiguration;
			buildSettings = {
				ALWAYS_SEARCH_USER_PATHS = NO;
				CLANG_ANALYZER_NONNULL = YES;
				CLANG_ANALYZER_NUMBER_OBJECT_CONVERSION = YES_AGGRESSIVE;
				CLANG_CXX_LANGUAGE_STANDARD = "gnu++20";
				CLANG_ENABLE_MODULES = YES;
				CLANG_ENABLE_OBJC_ARC = YES;
				CLANG_ENABLE_OBJC_WEAK = YES;
				CLANG_WARN_BLOCK_CAPTURE_AUTORELEASING = YES;
				CLANG_WARN_BOOL_CONVERSION = YES;
				CLANG_WARN_COMMA = YES;
				CLANG_WARN_CONSTANT_CONVERSION = YES;
				CLANG_WARN_DEPRECATED_OBJC_IMPLEMENTATIONS = YES;
				CLANG_WARN_DIRECT_OBJC_ISA_USAGE = YES_ERROR;
				CLANG_WARN_DOCUMENTATION_COMMENTS = YES;
				CLANG_WARN_EMPTY_BODY = YES;
				CLANG_WARN_ENUM_CONVERSION = YES;
				CLANG_WARN_INFINITE_RECURSION = YES;
				CLANG_WARN_INT_CONVERSION = YES;
				CLANG_WARN_NON_LITERAL_NULL_CONVERSION = YES;
				CLANG_WARN_OBJC_IMPLICIT_RETAIN_SELF = YES;
				CLANG_WARN_OBJC_LITERAL_CONVERSION = YES;
				CLANG_WARN_OBJC_ROOT_CLASS = YES_ERROR;
				CLANG_WARN_QUOTED_INCLUDE_IN_FRAMEWORK_HEADER = YES;
				CLANG_WARN_RANGE_LOOP_ANALYSIS = YES;
				CLANG_WARN_STRICT_PROTOTYPES = YES;
				CLANG_WARN_SUSPICIOUS_MOVE = YES;
				CLANG_WARN_UNGUARDED_AVAILABILITY = YES_AGGRESSIVE;
				CLANG_WARN_UNREACHABLE_CODE = YES;
				CLANG_WARN__DUPLICATE_METHOD_MATCH = YES;
				COPY_PHASE_STRIP = NO;
				DEBUG_INFORMATION_FORMAT = "dwarf-with-dsym";
				ENABLE_NS_ASSERTIONS = NO;
				ENABLE_STRICT_OBJC_MSGSEND = YES;
				ENABLE_USER_SCRIPT_SANDBOXING = YES;
				GCC_C_LANGUAGE_STANDARD = gnu17;
				GCC_NO_COMMON_BLOCKS = YES;
				GCC_WARN_64_TO_32_BIT_CONVERSION = YES;
				GCC_WARN_ABOUT_RETURN_TYPE = YES_ERROR;
				GCC_WARN_UNDECLARED_SELECTOR = YES;
				GCC_WARN_UNINITIALIZED_AUTOS = YES_AGGRESSIVE;
				GCC_WARN_UNUSED_FUNCTION = YES;
				GCC_WARN_UNUSED_VARIABLE = YES;
				IPHONEOS_DEPLOYMENT_TARGET = 16.0;
				MTL_ENABLE_DEBUG_INFO = NO;
				MTL_FAST_MATH = YES;
				SDKROOT = iphoneos;
				SWIFT_COMPILATION_MODE = wholemodule;
				SWIFT_OPTIMIZATION_LEVEL = "-O";
				SWIFT_VERSION = 5.9;
				VALIDATE_PRODUCT = YES;
			};
			name = Release;
		};
		A70000000000000000000005 /* Debug */ = {
			isa = XCBuildConfiguration;
			buildSettings = {
				ASSETCATALOG_COMPILER_GLOBAL_ACCENT_COLOR_NAME = AccentColor;
				CODE_SIGN_STYLE = Automatic;
				CURRENT_PROJECT_VERSION = 1;
				DEVELOPMENT_ASSET_PATHS = "";
				DEVELOPMENT_TEAM = "";
				GENERATE_INFOPLIST_FILE = NO;
				INFOPLIST_FILE = TTGRefreshDemo/Resources/Info.plist;
				IPHONEOS_DEPLOYMENT_TARGET = 16.0;
				LD_RUNPATH_SEARCH_PATHS = (
					"$(inherited)",
					"@executable_path/Frameworks",
				);
				MARKETING_VERSION = 0.1.0;
				PRODUCT_BUNDLE_IDENTIFIER = com.tutuge.TTGRefreshDemo;
				PRODUCT_NAME = "$(TARGET_NAME)";
				SWIFT_EMIT_LOC_STRINGS = YES;
				SWIFT_VERSION = 5.9;
				TARGETED_DEVICE_FAMILY = "1,2";
			};
			name = Debug;
		};
			A70000000000000000000006 /* Release */ = {
				isa = XCBuildConfiguration;
				buildSettings = {
				ASSETCATALOG_COMPILER_GLOBAL_ACCENT_COLOR_NAME = AccentColor;
				CODE_SIGN_STYLE = Automatic;
				CURRENT_PROJECT_VERSION = 1;
				DEVELOPMENT_ASSET_PATHS = "";
				DEVELOPMENT_TEAM = "";
				GENERATE_INFOPLIST_FILE = NO;
				INFOPLIST_FILE = TTGRefreshDemo/Resources/Info.plist;
				IPHONEOS_DEPLOYMENT_TARGET = 16.0;
				LD_RUNPATH_SEARCH_PATHS = (
					"$(inherited)",
					"@executable_path/Frameworks",
				);
				MARKETING_VERSION = 0.1.0;
				PRODUCT_BUNDLE_IDENTIFIER = com.tutuge.TTGRefreshDemo;
				PRODUCT_NAME = "$(TARGET_NAME)";
				SWIFT_EMIT_LOC_STRINGS = YES;
				SWIFT_VERSION = 5.9;
				TARGETED_DEVICE_FAMILY = "1,2";
				};
				name = Release;
			};
			A70000000000000000000007 /* Debug */ = {
				isa = XCBuildConfiguration;
				buildSettings = {
					CODE_SIGN_STYLE = Automatic;
					CURRENT_PROJECT_VERSION = 1;
					DEVELOPMENT_TEAM = "";
					GENERATE_INFOPLIST_FILE = YES;
					IPHONEOS_DEPLOYMENT_TARGET = 16.0;
					LD_RUNPATH_SEARCH_PATHS = (
						"$(inherited)",
						"@executable_path/Frameworks",
						"@loader_path/Frameworks",
					);
					MARKETING_VERSION = 0.1.0;
					PRODUCT_BUNDLE_IDENTIFIER = com.tutuge.TTGRefreshDemoTests;
					PRODUCT_NAME = "$(TARGET_NAME)";
					SWIFT_VERSION = 5.9;
					TARGETED_DEVICE_FAMILY = "1,2";
				};
				name = Debug;
			};
			A70000000000000000000008 /* Release */ = {
				isa = XCBuildConfiguration;
				buildSettings = {
					CODE_SIGN_STYLE = Automatic;
					CURRENT_PROJECT_VERSION = 1;
					DEVELOPMENT_TEAM = "";
					GENERATE_INFOPLIST_FILE = YES;
					IPHONEOS_DEPLOYMENT_TARGET = 16.0;
					LD_RUNPATH_SEARCH_PATHS = (
						"$(inherited)",
						"@executable_path/Frameworks",
						"@loader_path/Frameworks",
					);
					MARKETING_VERSION = 0.1.0;
					PRODUCT_BUNDLE_IDENTIFIER = com.tutuge.TTGRefreshDemoTests;
					PRODUCT_NAME = "$(TARGET_NAME)";
					SWIFT_VERSION = 5.9;
					TARGETED_DEVICE_FAMILY = "1,2";
				};
				name = Release;
			};
/* End XCBuildConfiguration section */

/* Begin XCConfigurationList section */
		A70000000000000000000001 /* Build configuration list for PBXProject "TTGRefreshDemo" */ = {
			isa = XCConfigurationList;
			buildConfigurations = (
				A70000000000000000000003 /* Debug */,
				A70000000000000000000004 /* Release */,
			);
			defaultConfigurationIsVisible = 0;
			defaultConfigurationName = Release;
		};
			A70000000000000000000002 /* Build configuration list for PBXNativeTarget "TTGRefreshDemo" */ = {
				isa = XCConfigurationList;
				buildConfigurations = (
				A70000000000000000000005 /* Debug */,
				A70000000000000000000006 /* Release */,
			);
				defaultConfigurationIsVisible = 0;
				defaultConfigurationName = Release;
			};
			A70000000000000000000009 /* Build configuration list for PBXNativeTarget "TTGRefreshDemoTests" */ = {
				isa = XCConfigurationList;
				buildConfigurations = (
					A70000000000000000000007 /* Debug */,
					A70000000000000000000008 /* Release */,
				);
				defaultConfigurationIsVisible = 0;
				defaultConfigurationName = Release;
			};
/* End XCConfigurationList section */

/* Begin XCLocalSwiftPackageReference section */
		A90000000000000000000001 /* XCLocalSwiftPackageReference "../.." */ = {
			isa = XCLocalSwiftPackageReference;
			relativePath = ../..;
		};
/* End XCLocalSwiftPackageReference section */

/* Begin XCSwiftPackageProductDependency section */
			A90000000000000000000002 /* TTGRefresh */ = {
				isa = XCSwiftPackageProductDependency;
				package = A90000000000000000000001 /* XCLocalSwiftPackageReference "../.." */;
				productName = TTGRefresh;
			};
			A90000000000000000000003 /* TTGRefresh */ = {
				isa = XCSwiftPackageProductDependency;
				package = A90000000000000000000001 /* XCLocalSwiftPackageReference "../.." */;
				productName = TTGRefresh;
			};
/* End XCSwiftPackageProductDependency section */

/* Begin PBXVariantGroup section */
		A40000000000000000000006 /* LaunchScreen.storyboard */ = {
			isa = PBXVariantGroup;
			children = (
				A2000000000000000000000D /* Base */,
			);
			name = LaunchScreen.storyboard;
			sourceTree = "<group>";
		};
/* End PBXVariantGroup section */
	};
	rootObject = A80000000000000000000001 /* Project object */;
}
